<?xml version="1.0" encoding="utf-8"?>
<Project ToolsVersion="4.0" xmlns="http://schemas.microsoft.com/developer/msbuild/2003">
  <ItemGroup>
    <Filter Include="源文件">
      <UniqueIdentifier>{4FC737F1-C7A5-4376-A066-2A32D752A2FF}</UniqueIdentifier>
      <Extensions>cpp;c;cc;cxx;c++;cppm;ixx;def;odl;idl;hpj;bat;asm;asmx</Extensions>
    </Filter>
    <Filter Include="头文件">
      <UniqueIdentifier>{93995380-89BD-4b04-88EB-625FBE52EBFB}</UniqueIdentifier>
      <Extensions>h;hh;hpp;hxx;h++;hm;inl;inc;ipp;xsd</Extensions>
    </Filter>
    <Filter Include="资源文件">
      <UniqueIdentifier>{67DA6AB6-F800-4c08-8B7A-83BB121AAD01}</UniqueIdentifier>
      <Extensions>rc;ico;cur;bmp;dlg;rc2;rct;bin;rgs;gif;jpg;jpeg;jpe;resx;tiff;tif;png;wav;mfcribbon-ms</Extensions>
    </Filter>
  </ItemGroup>
  <ItemGroup>
    <ClCompile Include="MyDB.cpp">
      <Filter>源文件</Filter>
    </ClCompile>
    <ClCompile Include="BPlusTree.cpp">
      <Filter>源文件</Filter>
    </ClCompile>
    <ClCompile Include="BPlusTreeInternalEntry.cpp">
      <Filter>源文件</Filter>
    </ClCompile>
    <ClCompile Include="SeriesIndex.cpp">
      <Filter>源文件</Filter>
    </ClCompile>
    <ClCompile Include="BPlusTreeLeafEntry.cpp">
      <Filter>源文件</Filter>
    </ClCompile>
    <ClCompile Include="BitList.cpp">
      <Filter>源文件</Filter>
    </ClCompile>
    <ClCompile Include="BloomFilter.cpp">
      <Filter>源文件</Filter>
    </ClCompile>
    <ClCompile Include="LRUReplacer.cpp">
      <Filter>源文件</Filter>
    </ClCompile>
    <ClCompile Include="BufferPool.cpp">
      <Filter>源文件</Filter>
    </ClCompile>
    <ClCompile Include="Ring.cpp">
      <Filter>源文件</Filter>
    </ClCompile>
    <ClCompile Include="Storer.cpp">
      <Filter>源文件</Filter>
    </ClCompile>
    <ClCompile Include="Cache.cpp">
      <Filter>源文件</Filter>
    </ClCompile>
    <ClCompile Include="Engine.cpp">
      <Filter>源文件</Filter>
    </ClCompile>
    <ClCompile Include="TSMFile.cpp">
      <Filter>源文件</Filter>
    </ClCompile>
    <ClCompile Include="SeriesIndexBlock.cpp">
      <Filter>源文件</Filter>
    </ClCompile>
    <ClCompile Include="SeriesDataBlock.cpp">
      <Filter>源文件</Filter>
    </ClCompile>
    <ClCompile Include="SeriesKey.cpp">
      <Filter>源文件</Filter>
    </ClCompile>
    <ClCompile Include="TSIFile.cpp">
      <Filter>源文件</Filter>
    </ClCompile>
    <ClCompile Include="MeasurementBlock.cpp">
      <Filter>源文件</Filter>
    </ClCompile>
    <ClCompile Include="TagBlock.cpp">
      <Filter>源文件</Filter>
    </ClCompile>
    <ClCompile Include="SeriesBlock.cpp">
      <Filter>源文件</Filter>
    </ClCompile>
    <ClCompile Include="SeriesFile.cpp">
      <Filter>源文件</Filter>
    </ClCompile>
    <ClCompile Include="SeriesSegement.cpp">
      <Filter>源文件</Filter>
    </ClCompile>
    <ClCompile Include="SeriesIndexToSegement.cpp">
      <Filter>源文件</Filter>
    </ClCompile>
    <ClCompile Include="Compact.cpp">
      <Filter>源文件</Filter>
    </ClCompile>
    <ClCompile Include="SeriesPartition.cpp">
      <Filter>源文件</Filter>
    </ClCompile>
    <ClCompile Include="Index.cpp">
      <Filter>源文件</Filter>
    </ClCompile>
    <ClCompile Include="Shard.cpp">
      <Filter>源文件</Filter>
    </ClCompile>
    <ClCompile Include="Store.cpp">
      <Filter>源文件</Filter>
    </ClCompile>
    <ClCompile Include="Meta.cpp">
      <Filter>源文件</Filter>
    </ClCompile>
    <ClCompile Include="helper.cpp">
      <Filter>源文件</Filter>
    </ClCompile>
  </ItemGroup>
  <ItemGroup>
    <ClInclude Include="Store.h">
      <Filter>头文件</Filter>
    </ClInclude>
    <ClInclude Include="config.h">
      <Filter>头文件</Filter>
    </ClInclude>
    <ClInclude Include="Shard.h">
      <Filter>头文件</Filter>
    </ClInclude>
    <ClInclude Include="SeriesFile.h">
      <Filter>头文件</Filter>
    </ClInclude>
    <ClInclude Include="Engine.h">
      <Filter>头文件</Filter>
    </ClInclude>
    <ClInclude Include="Index.h">
      <Filter>头文件</Filter>
    </ClInclude>
    <ClInclude Include="BufferPool.h">
      <Filter>头文件</Filter>
    </ClInclude>
    <ClInclude Include="TSIFile.h">
      <Filter>头文件</Filter>
    </ClInclude>
    <ClInclude Include="SeriesBlock.h">
      <Filter>头文件</Filter>
    </ClInclude>
    <ClInclude Include="TagBlock.h">
      <Filter>头文件</Filter>
    </ClInclude>
    <ClInclude Include="MeasurementBlock.h">
      <Filter>头文件</Filter>
    </ClInclude>
    <ClInclude Include="SeriesKey.h">
      <Filter>头文件</Filter>
    </ClInclude>
    <ClInclude Include="SeriesIndex.h">
      <Filter>头文件</Filter>
    </ClInclude>
    <ClInclude Include="BPlusTreeLeafEntry.h">
      <Filter>头文件</Filter>
    </ClInclude>
    <ClInclude Include="BPlusTreeInternalEntry.h">
      <Filter>头文件</Filter>
    </ClInclude>
    <ClInclude Include="BPlusTree.h">
      <Filter>头文件</Filter>
    </ClInclude>
    <ClInclude Include="BloomFilter%28存在bug%29.h">
      <Filter>头文件</Filter>
    </ClInclude>
    <ClInclude Include="BitList%28存在bug%29.h">
      <Filter>头文件</Filter>
    </ClInclude>
    <ClInclude Include="SeriesPartition.h">
      <Filter>头文件</Filter>
    </ClInclude>
    <ClInclude Include="SeriesSegement.h">
      <Filter>头文件</Filter>
    </ClInclude>
    <ClInclude Include="SeriesIndexToSegement.h">
      <Filter>头文件</Filter>
    </ClInclude>
    <ClInclude Include="LRUReplacer.h">
      <Filter>头文件</Filter>
    </ClInclude>
    <ClInclude Include="Cache.h">
      <Filter>头文件</Filter>
    </ClInclude>
    <ClInclude Include="Storer.h">
      <Filter>头文件</Filter>
    </ClInclude>
    <ClInclude Include="Ring.h">
      <Filter>头文件</Filter>
    </ClInclude>
    <ClInclude Include="Compact.h">
      <Filter>头文件</Filter>
    </ClInclude>
    <ClInclude Include="TSMFile.h">
      <Filter>头文件</Filter>
    </ClInclude>
    <ClInclude Include="SeriesDataBlock.h">
      <Filter>头文件</Filter>
    </ClInclude>
    <ClInclude Include="SeriesIndexBlock.h">
      <Filter>头文件</Filter>
    </ClInclude>
    <ClInclude Include="Plan.h">
      <Filter>头文件</Filter>
    </ClInclude>
    <ClInclude Include="Meta.h">
      <Filter>头文件</Filter>
    </ClInclude>
    <ClInclude Include="helper.h">
      <Filter>头文件</Filter>
    </ClInclude>
    <ClInclude Include="BloomFilter.h">
      <Filter>头文件</Filter>
    </ClInclude>
    <ClInclude Include="BitSet.h">
      <Filter>头文件</Filter>
    </ClInclude>
  </ItemGroup>
</Project>